{
  "nodes": {
    "flake-utils": {
      "locked": {
        "lastModified": 1598466101,
        "narHash": "sha256-JPhv+Ay98KMWRVRFlLEK9+eLpvNjhTBGWdFKZsE97ck=",
        "owner": "numtide",
        "repo": "flake-utils",
        "rev": "a586a6b966d59f53f45a04f8891fbc017dc09dbe",
        "type": "github"
      },
      "original": {
        "owner": "numtide",
        "repo": "flake-utils",
        "type": "github"
      }
    },
    "nixpkgs": {
      "locked": {
        "lastModified": 1597572160,
        "narHash": "sha256-UOGinOXmB8SmBtuDV0JXNQ7It8yMF2hLt3NsmkV2eMo=",
        "owner": "vkleen",
        "repo": "nixpkgs",
        "rev": "0a5f465b26299c124308431dd06a325fe6c86cb9",
        "type": "github"
      },
      "original": {
        "owner": "vkleen",
        "ref": "local",
        "repo": "nixpkgs",
        "type": "github"
      }
    },
    "root": {
      "inputs": {
        "flake-utils": "flake-utils",
        "nixpkgs": "nixpkgs"
      }
    }
  },
  "root": "root",
  "version": 7
}
